
Microsoft Visual Studio Solution File, Format Version 12.00
# Visual Studio Version 17
VisualStudioVersion = 17.5.002.0
MinimumVisualStudioVersion = 10.0.40219.1
Project("{9A19103F-16F7-4668-BE54-9A1E7A4F7556}") = "collegeTask_LP_tde2", "collegeTask_LP_tde2.csproj", "{97882AA1-44D3-44B9-8CCB-1429DED1AAE6}"
EndProject
Global
	GlobalSection(SolutionConfigurationPlatforms) = preSolution
		Debug|Any CPU = Debug|Any CPU
		Release|Any CPU = Release|Any CPU
	EndGlobalSection
	GlobalSection(ProjectConfigurationPlatforms) = postSolution
		{97882AA1-44D3-44B9-8CCB-1429DED1AAE6}.Debug|Any CPU.ActiveCfg = Debug|Any CPU
		{97882AA1-44D3-44B9-8CCB-1429DED1AAE6}.Debug|Any CPU.Build.0 = Debug|Any CPU
		{97882AA1-44D3-44B9-8CCB-1429DED1AAE6}.Release|Any CPU.ActiveCfg = Release|Any CPU
		{97882AA1-44D3-44B9-8CCB-1429DED1AAE6}.Release|Any CPU.Build.0 = Release|Any CPU
	EndGlobalSection
	GlobalSection(SolutionProperties) = preSolution
		HideSolutionNode = FALSE
	EndGlobalSection
	GlobalSection(ExtensibilityGlobals) = postSolution
		SolutionGuid = {5ECC0B0D-2501-462A-925A-B6F75B199638}
	EndGlobalSection
EndGlobal
